
Microsoft Visual Studio Solution File, Format Version 12.00
# Visual Studio Version 17
VisualStudioVersion = 17.2.32602.215
MinimumVisualStudioVersion = 10.0.40219.1
Project("{FAE04EC0-301F-11D3-BF4B-00C04F79EFBC}") = "r5_Reloaded_Administrator", "r5_Reloaded_Administrator.csproj", "{3D19CE43-5DA9-4340-ACA0-214A90E3417F}"
EndProject
Global
	GlobalSection(SolutionConfigurationPlatforms) = preSolution
		Debug|Any CPU = Debug|Any CPU
		Release|Any CPU = Release|Any CPU
	EndGlobalSection
	GlobalSection(ProjectConfigurationPlatforms) = postSolution
		{3D19CE43-5DA9-4340-ACA0-214A90E3417F}.Debug|Any CPU.ActiveCfg = Debug|Any CPU
		{3D19CE43-5DA9-4340-ACA0-214A90E3417F}.Debug|Any CPU.Build.0 = Debug|Any CPU
		{3D19CE43-5DA9-4340-ACA0-214A90E3417F}.Release|Any CPU.ActiveCfg = Release|Any CPU
		{3D19CE43-5DA9-4340-ACA0-214A90E3417F}.Release|Any CPU.Build.0 = Release|Any CPU
	EndGlobalSection
	GlobalSection(SolutionProperties) = preSolution
		HideSolutionNode = FALSE
	EndGlobalSection
	GlobalSection(ExtensibilityGlobals) = postSolution
		SolutionGuid = {18DCE280-8C99-4881-A424-BB66EE88AC74}
	EndGlobalSection
EndGlobal
